
Microsoft Visual Studio Solution File, Format Version 12.00
# Visual Studio Version 17
VisualStudioVersion = 17.0.31903.59
MinimumVisualStudioVersion = 10.0.40219.1
Project("{2150E333-8FDC-42A3-9474-1A3956D46DE8}") = "src", "src", "{827E0CD3-B72D-47B6-A68D-7590B98EB39B}"
EndProject
Project("{FAE04EC0-301F-11D3-BF4B-00C04F79EFBC}") = "Recon.Domain", "src\Recon.Domain\Recon.Domain.csproj", "{F4B2F64A-2A01-45BA-831A-CD6A53002D54}"
EndProject
Project("{FAE04EC0-301F-11D3-BF4B-00C04F79EFBC}") = "Recon.Core", "src\Recon.Core\Recon.Core.csproj", "{6F6D26A7-FD26-4CF0-8CEC-EABF05AF4CC4}"
EndProject
Project("{FAE04EC0-301F-11D3-BF4B-00C04F79EFBC}") = "Recon.Infrastructure", "src\Recon.Infrastructure\Recon.Infrastructure.csproj", "{73774876-882F-41DD-92A7-3A96C788A115}"
EndProject
Project("{FAE04EC0-301F-11D3-BF4B-00C04F79EFBC}") = "Recon.Api", "src\Recon.Api\Recon.Api.csproj", "{9BDF904A-241E-4F49-802F-5B2B0FE8C078}"
EndProject
Project("{FAE04EC0-301F-11D3-BF4B-00C04F79EFBC}") = "Recon.Worker", "src\Recon.Worker\Recon.Worker.csproj", "{EEF847E6-DFB1-4A56-95CF-BB5F2EAFBD08}"
EndProject
Project("{FAE04EC0-301F-11D3-BF4B-00C04F79EFBC}") = "Recon.Api.Tests", "tests\Recon.Api.Tests\Recon.Api.Tests.csproj", "{464B6BC3-6368-44B7-988D-DB35B29FA063}"
EndProject
Project("{FAE04EC0-301F-11D3-BF4B-00C04F79EFBC}") = "Recon.Core.Tests", "tests\Recon.Core.Tests\Recon.Core.Tests.csproj", "{75A0EFA5-6006-4EF5-B74D-F58EDA117452}"
EndProject
Project("{FAE04EC0-301F-11D3-BF4B-00C04F79EFBC}") = "Recon.Infrastructure.Tests", "tests\Recon.Infrastructure.Tests\Recon.Infrastructure.Tests.csproj", "{1C6860BB-2947-4BA4-9D97-5CEFDBBD0317}"
EndProject
Global
	GlobalSection(SolutionConfigurationPlatforms) = preSolution
		Debug|Any CPU = Debug|Any CPU
		Debug|x64 = Debug|x64
		Debug|x86 = Debug|x86
		Release|Any CPU = Release|Any CPU
		Release|x64 = Release|x64
		Release|x86 = Release|x86
	EndGlobalSection
	GlobalSection(ProjectConfigurationPlatforms) = postSolution
		{F4B2F64A-2A01-45BA-831A-CD6A53002D54}.Debug|Any CPU.ActiveCfg = Debug|Any CPU
		{F4B2F64A-2A01-45BA-831A-CD6A53002D54}.Debug|Any CPU.Build.0 = Debug|Any CPU
		{F4B2F64A-2A01-45BA-831A-CD6A53002D54}.Debug|x64.ActiveCfg = Debug|Any CPU
		{F4B2F64A-2A01-45BA-831A-CD6A53002D54}.Debug|x64.Build.0 = Debug|Any CPU
		{F4B2F64A-2A01-45BA-831A-CD6A53002D54}.Debug|x86.ActiveCfg = Debug|Any CPU
		{F4B2F64A-2A01-45BA-831A-CD6A53002D54}.Debug|x86.Build.0 = Debug|Any CPU
		{F4B2F64A-2A01-45BA-831A-CD6A53002D54}.Release|Any CPU.ActiveCfg = Release|Any CPU
		{F4B2F64A-2A01-45BA-831A-CD6A53002D54}.Release|Any CPU.Build.0 = Release|Any CPU
		{F4B2F64A-2A01-45BA-831A-CD6A53002D54}.Release|x64.ActiveCfg = Release|Any CPU
		{F4B2F64A-2A01-45BA-831A-CD6A53002D54}.Release|x64.Build.0 = Release|Any CPU
		{F4B2F64A-2A01-45BA-831A-CD6A53002D54}.Release|x86.ActiveCfg = Release|Any CPU
		{F4B2F64A-2A01-45BA-831A-CD6A53002D54}.Release|x86.Build.0 = Release|Any CPU
		{6F6D26A7-FD26-4CF0-8CEC-EABF05AF4CC4}.Debug|Any CPU.ActiveCfg = Debug|Any CPU
		{6F6D26A7-FD26-4CF0-8CEC-EABF05AF4CC4}.Debug|Any CPU.Build.0 = Debug|Any CPU
		{6F6D26A7-FD26-4CF0-8CEC-EABF05AF4CC4}.Debug|x64.ActiveCfg = Debug|Any CPU
		{6F6D26A7-FD26-4CF0-8CEC-EABF05AF4CC4}.Debug|x64.Build.0 = Debug|Any CPU
		{6F6D26A7-FD26-4CF0-8CEC-EABF05AF4CC4}.Debug|x86.ActiveCfg = Debug|Any CPU
		{6F6D26A7-FD26-4CF0-8CEC-EABF05AF4CC4}.Debug|x86.Build.0 = Debug|Any CPU
		{6F6D26A7-FD26-4CF0-8CEC-EABF05AF4CC4}.Release|Any CPU.ActiveCfg = Release|Any CPU
		{6F6D26A7-FD26-4CF0-8CEC-EABF05AF4CC4}.Release|Any CPU.Build.0 = Release|Any CPU
		{6F6D26A7-FD26-4CF0-8CEC-EABF05AF4CC4}.Release|x64.ActiveCfg = Release|Any CPU
		{6F6D26A7-FD26-4CF0-8CEC-EABF05AF4CC4}.Release|x64.Build.0 = Release|Any CPU
		{6F6D26A7-FD26-4CF0-8CEC-EABF05AF4CC4}.Release|x86.ActiveCfg = Release|Any CPU
		{6F6D26A7-FD26-4CF0-8CEC-EABF05AF4CC4}.Release|x86.Build.0 = Release|Any CPU
		{73774876-882F-41DD-92A7-3A96C788A115}.Debug|Any CPU.ActiveCfg = Debug|Any CPU
		{73774876-882F-41DD-92A7-3A96C788A115}.Debug|Any CPU.Build.0 = Debug|Any CPU
		{73774876-882F-41DD-92A7-3A96C788A115}.Debug|x64.ActiveCfg = Debug|Any CPU
		{73774876-882F-41DD-92A7-3A96C788A115}.Debug|x64.Build.0 = Debug|Any CPU
		{73774876-882F-41DD-92A7-3A96C788A115}.Debug|x86.ActiveCfg = Debug|Any CPU
		{73774876-882F-41DD-92A7-3A96C788A115}.Debug|x86.Build.0 = Debug|Any CPU
		{73774876-882F-41DD-92A7-3A96C788A115}.Release|Any CPU.ActiveCfg = Release|Any CPU
		{73774876-882F-41DD-92A7-3A96C788A115}.Release|Any CPU.Build.0 = Release|Any CPU
		{73774876-882F-41DD-92A7-3A96C788A115}.Release|x64.ActiveCfg = Release|Any CPU
		{73774876-882F-41DD-92A7-3A96C788A115}.Release|x64.Build.0 = Release|Any CPU
		{73774876-882F-41DD-92A7-3A96C788A115}.Release|x86.ActiveCfg = Release|Any CPU
		{73774876-882F-41DD-92A7-3A96C788A115}.Release|x86.Build.0 = Release|Any CPU
		{9BDF904A-241E-4F49-802F-5B2B0FE8C078}.Debug|Any CPU.ActiveCfg = Debug|Any CPU
		{9BDF904A-241E-4F49-802F-5B2B0FE8C078}.Debug|Any CPU.Build.0 = Debug|Any CPU
		{9BDF904A-241E-4F49-802F-5B2B0FE8C078}.Debug|x64.ActiveCfg = Debug|Any CPU
		{9BDF904A-241E-4F49-802F-5B2B0FE8C078}.Debug|x64.Build.0 = Debug|Any CPU
		{9BDF904A-241E-4F49-802F-5B2B0FE8C078}.Debug|x86.ActiveCfg = Debug|Any CPU
		{9BDF904A-241E-4F49-802F-5B2B0FE8C078}.Debug|x86.Build.0 = Debug|Any CPU
		{9BDF904A-241E-4F49-802F-5B2B0FE8C078}.Release|Any CPU.ActiveCfg = Release|Any CPU
		{9BDF904A-241E-4F49-802F-5B2B0FE8C078}.Release|Any CPU.Build.0 = Release|Any CPU
		{9BDF904A-241E-4F49-802F-5B2B0FE8C078}.Release|x64.ActiveCfg = Release|Any CPU
		{9BDF904A-241E-4F49-802F-5B2B0FE8C078}.Release|x64.Build.0 = Release|Any CPU
		{9BDF904A-241E-4F49-802F-5B2B0FE8C078}.Release|x86.ActiveCfg = Release|Any CPU
		{9BDF904A-241E-4F49-802F-5B2B0FE8C078}.Release|x86.Build.0 = Release|Any CPU
		{EEF847E6-DFB1-4A56-95CF-BB5F2EAFBD08}.Debug|Any CPU.ActiveCfg = Debug|Any CPU
		{EEF847E6-DFB1-4A56-95CF-BB5F2EAFBD08}.Debug|Any CPU.Build.0 = Debug|Any CPU
		{EEF847E6-DFB1-4A56-95CF-BB5F2EAFBD08}.Debug|x64.ActiveCfg = Debug|Any CPU
		{EEF847E6-DFB1-4A56-95CF-BB5F2EAFBD08}.Debug|x64.Build.0 = Debug|Any CPU
		{EEF847E6-DFB1-4A56-95CF-BB5F2EAFBD08}.Debug|x86.ActiveCfg = Debug|Any CPU
		{EEF847E6-DFB1-4A56-95CF-BB5F2EAFBD08}.Debug|x86.Build.0 = Debug|Any CPU
		{EEF847E6-DFB1-4A56-95CF-BB5F2EAFBD08}.Release|Any CPU.ActiveCfg = Release|Any CPU
		{EEF847E6-DFB1-4A56-95CF-BB5F2EAFBD08}.Release|Any CPU.Build.0 = Release|Any CPU
		{EEF847E6-DFB1-4A56-95CF-BB5F2EAFBD08}.Release|x64.ActiveCfg = Release|Any CPU
		{EEF847E6-DFB1-4A56-95CF-BB5F2EAFBD08}.Release|x64.Build.0 = Release|Any CPU
		{EEF847E6-DFB1-4A56-95CF-BB5F2EAFBD08}.Release|x86.ActiveCfg = Release|Any CPU
		{EEF847E6-DFB1-4A56-95CF-BB5F2EAFBD08}.Release|x86.Build.0 = Release|Any CPU
		{464B6BC3-6368-44B7-988D-DB35B29FA063}.Debug|Any CPU.ActiveCfg = Debug|Any CPU
		{464B6BC3-6368-44B7-988D-DB35B29FA063}.Debug|Any CPU.Build.0 = Debug|Any CPU
		{464B6BC3-6368-44B7-988D-DB35B29FA063}.Debug|x64.ActiveCfg = Debug|Any CPU
		{464B6BC3-6368-44B7-988D-DB35B29FA063}.Debug|x64.Build.0 = Debug|Any CPU
		{464B6BC3-6368-44B7-988D-DB35B29FA063}.Debug|x86.ActiveCfg = Debug|Any CPU
		{464B6BC3-6368-44B7-988D-DB35B29FA063}.Debug|x86.Build.0 = Debug|Any CPU
		{464B6BC3-6368-44B7-988D-DB35B29FA063}.Release|Any CPU.ActiveCfg = Release|Any CPU
		{464B6BC3-6368-44B7-988D-DB35B29FA063}.Release|Any CPU.Build.0 = Release|Any CPU
		{464B6BC3-6368-44B7-988D-DB35B29FA063}.Release|x64.ActiveCfg = Release|Any CPU
		{464B6BC3-6368-44B7-988D-DB35B29FA063}.Release|x64.Build.0 = Release|Any CPU
		{464B6BC3-6368-44B7-988D-DB35B29FA063}.Release|x86.ActiveCfg = Release|Any CPU
		{464B6BC3-6368-44B7-988D-DB35B29FA063}.Release|x86.Build.0 = Release|Any CPU
		{75A0EFA5-6006-4EF5-B74D-F58EDA117452}.Debug|Any CPU.ActiveCfg = Debug|Any CPU
		{75A0EFA5-6006-4EF5-B74D-F58EDA117452}.Debug|Any CPU.Build.0 = Debug|Any CPU
		{75A0EFA5-6006-4EF5-B74D-F58EDA117452}.Debug|x64.ActiveCfg = Debug|Any CPU
		{75A0EFA5-6006-4EF5-B74D-F58EDA117452}.Debug|x64.Build.0 = Debug|Any CPU
		{75A0EFA5-6006-4EF5-B74D-F58EDA117452}.Debug|x86.ActiveCfg = Debug|Any CPU
		{75A0EFA5-6006-4EF5-B74D-F58EDA117452}.Debug|x86.Build.0 = Debug|Any CPU
		{75A0EFA5-6006-4EF5-B74D-F58EDA117452}.Release|Any CPU.ActiveCfg = Release|Any CPU
		{75A0EFA5-6006-4EF5-B74D-F58EDA117452}.Release|Any CPU.Build.0 = Release|Any CPU
		{75A0EFA5-6006-4EF5-B74D-F58EDA117452}.Release|x64.ActiveCfg = Release|Any CPU
		{75A0EFA5-6006-4EF5-B74D-F58EDA117452}.Release|x64.Build.0 = Release|Any CPU
		{75A0EFA5-6006-4EF5-B74D-F58EDA117452}.Release|x86.ActiveCfg = Release|Any CPU
		{75A0EFA5-6006-4EF5-B74D-F58EDA117452}.Release|x86.Build.0 = Release|Any CPU
		{1C6860BB-2947-4BA4-9D97-5CEFDBBD0317}.Debug|Any CPU.ActiveCfg = Debug|Any CPU
		{1C6860BB-2947-4BA4-9D97-5CEFDBBD0317}.Debug|Any CPU.Build.0 = Debug|Any CPU
		{1C6860BB-2947-4BA4-9D97-5CEFDBBD0317}.Debug|x64.ActiveCfg = Debug|Any CPU
		{1C6860BB-2947-4BA4-9D97-5CEFDBBD0317}.Debug|x64.Build.0 = Debug|Any CPU
		{1C6860BB-2947-4BA4-9D97-5CEFDBBD0317}.Debug|x86.ActiveCfg = Debug|Any CPU
		{1C6860BB-2947-4BA4-9D97-5CEFDBBD0317}.Debug|x86.Build.0 = Debug|Any CPU
		{1C6860BB-2947-4BA4-9D97-5CEFDBBD0317}.Release|Any CPU.ActiveCfg = Release|Any CPU
		{1C6860BB-2947-4BA4-9D97-5CEFDBBD0317}.Release|Any CPU.Build.0 = Release|Any CPU
		{1C6860BB-2947-4BA4-9D97-5CEFDBBD0317}.Release|x64.ActiveCfg = Release|Any CPU
		{1C6860BB-2947-4BA4-9D97-5CEFDBBD0317}.Release|x64.Build.0 = Release|Any CPU
		{1C6860BB-2947-4BA4-9D97-5CEFDBBD0317}.Release|x86.ActiveCfg = Release|Any CPU
		{1C6860BB-2947-4BA4-9D97-5CEFDBBD0317}.Release|x86.Build.0 = Release|Any CPU
	EndGlobalSection
	GlobalSection(SolutionProperties) = preSolution
		HideSolutionNode = FALSE
	EndGlobalSection
	GlobalSection(NestedProjects) = preSolution
		{F4B2F64A-2A01-45BA-831A-CD6A53002D54} = {827E0CD3-B72D-47B6-A68D-7590B98EB39B}
		{6F6D26A7-FD26-4CF0-8CEC-EABF05AF4CC4} = {827E0CD3-B72D-47B6-A68D-7590B98EB39B}
		{73774876-882F-41DD-92A7-3A96C788A115} = {827E0CD3-B72D-47B6-A68D-7590B98EB39B}
		{9BDF904A-241E-4F49-802F-5B2B0FE8C078} = {827E0CD3-B72D-47B6-A68D-7590B98EB39B}
		{EEF847E6-DFB1-4A56-95CF-BB5F2EAFBD08} = {827E0CD3-B72D-47B6-A68D-7590B98EB39B}
		{464B6BC3-6368-44B7-988D-DB35B29FA063} = {827E0CD3-B72D-47B6-A68D-7590B98EB39B}
		{75A0EFA5-6006-4EF5-B74D-F58EDA117452} = {827E0CD3-B72D-47B6-A68D-7590B98EB39B}
		{1C6860BB-2947-4BA4-9D97-5CEFDBBD0317} = {827E0CD3-B72D-47B6-A68D-7590B98EB39B}
	EndGlobalSection
EndGlobal
